{
  "name": "measures",
  "version": "1.0.0",
  "lockfileVersion": 3,
  "requires": true,
  "packages": {
    "": {
      "name": "measures",
      "version": "1.0.0",
      "license": "ISC",
      "dependencies": {
        "bessel": "^1.0.2",
        "jstat": "^1.9.6"
      }
    },
    "node_modules/bessel": {
      "version": "1.0.2",
      "resolved": "https://registry.npmjs.org/bessel/-/bessel-1.0.2.tgz",
      "integrity": "sha512-Al3nHGQGqDYqqinXhQzmwmcRToe/3WyBv4N8aZc5Pef8xw2neZlR9VPi84Sa23JtgWcucu18HxVZrnI0fn2etw==",
      "engines": {
        "node": ">=0.8"
      }
    },
    "node_modules/jstat": {
      "version": "1.9.6",
      "resolved": "https://registry.npmjs.org/jstat/-/jstat-1.9.6.tgz",
      "integrity": "sha512-rPBkJbK2TnA8pzs93QcDDPlKcrtZWuuCo2dVR0TFLOJSxhqfWOVCSp8aV3/oSbn+4uY4yw1URtLpHQedtmXfug=="
    }
  }
}
